
Microsoft Visual Studio Solution File, Format Version 12.00
# Visual Studio 15
VisualStudioVersion = 15.0.26430.6
MinimumVisualStudioVersion = 10.0.40219.1
Project("{2150E333-8FDC-42A3-9474-1A3956D46DE8}") = "src", "src", "{E79920C2-177A-4788-8EB2-C0A76A61B120}"
EndProject
Project("{2150E333-8FDC-42A3-9474-1A3956D46DE8}") = "Solution Items", "Solution Items", "{CA7754C0-4095-41A2-B1C4-FD84A0FB7495}"
EndProject
Project("{9A19103F-16F7-4668-BE54-9A1E7A4F7556}") = "ProxyDrummer", "src\ProxyDrummer\ProxyDrummer.csproj", "{2D38EF8D-AC84-4005-A8E3-D804FC7CCA8F}"
EndProject
Project("{FAE04EC0-301F-11D3-BF4B-00C04F79EFBC}") = "ConsoleAppTest", "ConsoleAppTest\ConsoleAppTest.csproj", "{8B277B7E-87E7-499D-AFB3-EA3C0FC2C433}"
EndProject
Global
	GlobalSection(SolutionConfigurationPlatforms) = preSolution
		Debug|Any CPU = Debug|Any CPU
		Release|Any CPU = Release|Any CPU
	EndGlobalSection
	GlobalSection(ProjectConfigurationPlatforms) = postSolution
		{2D38EF8D-AC84-4005-A8E3-D804FC7CCA8F}.Debug|Any CPU.ActiveCfg = Debug|Any CPU
		{2D38EF8D-AC84-4005-A8E3-D804FC7CCA8F}.Debug|Any CPU.Build.0 = Debug|Any CPU
		{2D38EF8D-AC84-4005-A8E3-D804FC7CCA8F}.Release|Any CPU.ActiveCfg = Release|Any CPU
		{2D38EF8D-AC84-4005-A8E3-D804FC7CCA8F}.Release|Any CPU.Build.0 = Release|Any CPU
		{8B277B7E-87E7-499D-AFB3-EA3C0FC2C433}.Debug|Any CPU.ActiveCfg = Debug|Any CPU
		{8B277B7E-87E7-499D-AFB3-EA3C0FC2C433}.Debug|Any CPU.Build.0 = Debug|Any CPU
		{8B277B7E-87E7-499D-AFB3-EA3C0FC2C433}.Release|Any CPU.ActiveCfg = Release|Any CPU
		{8B277B7E-87E7-499D-AFB3-EA3C0FC2C433}.Release|Any CPU.Build.0 = Release|Any CPU
	EndGlobalSection
	GlobalSection(SolutionProperties) = preSolution
		HideSolutionNode = FALSE
	EndGlobalSection
	GlobalSection(NestedProjects) = preSolution
		{2D38EF8D-AC84-4005-A8E3-D804FC7CCA8F} = {E79920C2-177A-4788-8EB2-C0A76A61B120}
		{8B277B7E-87E7-499D-AFB3-EA3C0FC2C433} = {E79920C2-177A-4788-8EB2-C0A76A61B120}
	EndGlobalSection
EndGlobal
