
Microsoft Visual Studio Solution File, Format Version 12.00
# Visual Studio 15
VisualStudioVersion = 15.0.26430.6
MinimumVisualStudioVersion = 10.0.40219.1
Project("{FAE04EC0-301F-11D3-BF4B-00C04F79EFBC}") = "ProxyDrummer.Examples", "ProxyDrummer.Examples\ProxyDrummer.Examples.csproj", "{8A4BFC96-F0F5-4632-9FC6-D31E5F3EF744}"
EndProject
Global
	GlobalSection(SolutionConfigurationPlatforms) = preSolution
		Debug|Any CPU = Debug|Any CPU
		Release|Any CPU = Release|Any CPU
	EndGlobalSection
	GlobalSection(ProjectConfigurationPlatforms) = postSolution
		{8A4BFC96-F0F5-4632-9FC6-D31E5F3EF744}.Debug|Any CPU.ActiveCfg = Debug|Any CPU
		{8A4BFC96-F0F5-4632-9FC6-D31E5F3EF744}.Debug|Any CPU.Build.0 = Debug|Any CPU
		{8A4BFC96-F0F5-4632-9FC6-D31E5F3EF744}.Release|Any CPU.ActiveCfg = Release|Any CPU
		{8A4BFC96-F0F5-4632-9FC6-D31E5F3EF744}.Release|Any CPU.Build.0 = Release|Any CPU
	EndGlobalSection
	GlobalSection(SolutionProperties) = preSolution
		HideSolutionNode = FALSE
	EndGlobalSection
EndGlobal
